PODS:
  - Nimble (8.0.2)
  - NSelect (0.1.0)
  - Quick (2.1.0)
  - UIRadioButton (0.1.5)

DEPENDENCIES:
  - Nimble
  - NSelect (from `../`)
  - Quick
  - UIRadioButton (from `/Users/iOSDev/Clones/UIRadioButton`)

SPEC REPOS:
  https://github.com/cocoapods/specs.git:
    - Nimble
    - Quick

EXTERNAL SOURCES:
  NSelect:
    :path: "../"
  UIRadioButton:
    :path: "/Users/iOSDev/Clones/UIRadioButton"

SPEC CHECKSUMS:
  Nimble: 622629381bda1dd5678162f21f1368cec7cbba60
  NSelect: 902e3798f6854013e2a7fe18eac088f28c1ef69f
  Quick: 4be43f6634acfa727dd106bdf3929ce125ffa79d
  UIRadioButton: 7c232e5369e9b7371de4674cae13728f4544ac03

PODFILE CHECKSUM: c6e54bf879bbd0dbf291888f767c090522e4ab79

COCOAPODS: 1.6.1
